{
  "name": "Invoice Generator",
  "lockfileVersion": 3,
  "requires": true,
  "packages": {
    "": {
      "dependencies": {
        "winget": "^0.0.1"
      }
    },
    "node_modules/winget": {
      "version": "0.0.1",
      "resolved": "https://registry.npmjs.org/winget/-/winget-0.0.1.tgz",
      "integrity": "sha512-Gl4KLhsYeRhYtTn4PPJ0RqlClw7MUPpfhzrA61KV3CxfvddPzTrdFDqmLk2zIbiauyb4kzDAtDLxUIZ2b+x0iw==",
      "license": "ISC"
    }
  }
}
